
Microsoft Visual Studio Solution File, Format Version 11.00
# Visual Studio 2010
# Ranorex Studio 6.0
Project("{FAE04EC0-301F-11D3-BF4B-00C04F79EFBC}") = "calcii", "calcii\calcii.csproj", "{14CB86D1-5076-4A3A-A940-2B0C49588180}"
EndProject
Global
	GlobalSection(SolutionConfigurationPlatforms) = preSolution
		Debug|x86 = Debug|x86
		Release|x86 = Release|x86
	EndGlobalSection
	GlobalSection(ProjectConfigurationPlatforms) = postSolution
		{14CB86D1-5076-4A3A-A940-2B0C49588180}.Debug|x86.Build.0 = Debug|x86
		{14CB86D1-5076-4A3A-A940-2B0C49588180}.Debug|x86.ActiveCfg = Debug|x86
		{14CB86D1-5076-4A3A-A940-2B0C49588180}.Release|x86.Build.0 = Release|x86
		{14CB86D1-5076-4A3A-A940-2B0C49588180}.Release|x86.ActiveCfg = Release|x86
	EndGlobalSection
EndGlobal
